
Microsoft Visual Studio Solution File, Format Version 12.00
# Visual Studio Version 17
VisualStudioVersion = 17.14.36518.9 d17.14
MinimumVisualStudioVersion = 10.0.40219.1
Project("{FAE04EC0-301F-11D3-BF4B-00C04F79EFBC}") = "DrogueriaAPI", "DrogueriaAPI\DrogueriaAPI.csproj", "{0A53E5D5-3E7F-4AB9-8627-2F63AC38CAE5}"
EndProject
Global
	GlobalSection(SolutionConfigurationPlatforms) = preSolution
		Debug|Any CPU = Debug|Any CPU
		Release|Any CPU = Release|Any CPU
	EndGlobalSection
	GlobalSection(ProjectConfigurationPlatforms) = postSolution
		{0A53E5D5-3E7F-4AB9-8627-2F63AC38CAE5}.Debug|Any CPU.ActiveCfg = Debug|Any CPU
		{0A53E5D5-3E7F-4AB9-8627-2F63AC38CAE5}.Debug|Any CPU.Build.0 = Debug|Any CPU
		{0A53E5D5-3E7F-4AB9-8627-2F63AC38CAE5}.Release|Any CPU.ActiveCfg = Release|Any CPU
		{0A53E5D5-3E7F-4AB9-8627-2F63AC38CAE5}.Release|Any CPU.Build.0 = Release|Any CPU
	EndGlobalSection
	GlobalSection(SolutionProperties) = preSolution
		HideSolutionNode = FALSE
	EndGlobalSection
	GlobalSection(ExtensibilityGlobals) = postSolution
		SolutionGuid = {96925608-32B4-4F2B-96B8-B2CFDA4D9B6D}
	EndGlobalSection
EndGlobal
